{
  "name": "@hono-preact/vite",
  "version": "0.0.1",
  "lockfileVersion": 3,
  "requires": true,
  "packages": {
    "": {
      "name": "@hono-preact/vite",
      "version": "0.0.1",
      "dependencies": {
        "@babel/parser": "^7.29.2",
        "@babel/types": "^7.29.0",
        "magic-string": "^0.30.21"
      },
      "devDependencies": {
        "typescript": "^6.0.3",
        "vite": "^8.0.8"
      },
      "peerDependencies": {
        "@hono/vite-build": "^1.11.1",
        "@hono/vite-dev-server": "^0.25.1",
        "vite": ">=5.0.0"
      }
    },
    "../../node_modules/.pnpm/@babel+parser@7.29.2/node_modules/@babel/parser": {
      "version": "7.29.2",
      "license": "MIT",
      "dependencies": {
        "@babel/types": "^7.29.0"
      },
      "bin": {
        "parser": "bin/babel-parser.js"
      },
      "devDependencies": {
        "@babel/code-frame": "^7.29.0",
        "@babel/helper-check-duplicate-nodes": "^7.28.6",
        "@babel/helper-fixtures": "^7.28.6",
        "@babel/helper-string-parser": "^7.27.1",
        "@babel/helper-validator-identifier": "^7.28.5",
        "charcodes": "^0.2.0"
      },
      "engines": {
        "node": ">=6.0.0"
      }
    },
    "../../node_modules/.pnpm/@babel+types@7.29.0/node_modules/@babel/types": {
      "version": "7.29.0",
      "license": "MIT",
      "dependencies": {
        "@babel/helper-string-parser": "^7.27.1",
        "@babel/helper-validator-identifier": "^7.28.5"
      },
      "devDependencies": {
        "@babel/generator": "^7.29.0",
        "@babel/helper-fixtures": "^7.28.6",
        "@babel/parser": "^7.29.0"
      },
      "engines": {
        "node": ">=6.9.0"
      }
    },
    "../../node_modules/.pnpm/magic-string@0.30.21/node_modules/magic-string": {
      "version": "0.30.21",
      "license": "MIT",
      "dependencies": {
        "@jridgewell/sourcemap-codec": "^1.5.5"
      },
      "devDependencies": {
        "@eslint/js": "^9.38.0",
        "@rollup/plugin-node-resolve": "^16.0.3",
        "@rollup/plugin-replace": "^6.0.2",
        "benchmark": "^2.1.4",
        "bumpp": "^10.3.1",
        "conventional-changelog-cli": "^5.0.0",
        "eslint": "^9.38.0",
        "prettier": "^3.6.2",
        "publint": "^0.3.15",
        "rollup": "^4.52.5",
        "source-map-js": "^1.2.1",
        "source-map-support": "^0.5.21",
        "vitest": "^4.0.2"
      }
    },
    "../../node_modules/.pnpm/typescript@6.0.3/node_modules/typescript": {
      "version": "6.0.3",
      "dev": true,
      "license": "Apache-2.0",
      "bin": {
        "tsc": "bin/tsc",
        "tsserver": "bin/tsserver"
      },
      "devDependencies": {
        "@dprint/formatter": "^0.4.1",
        "@dprint/typescript": "0.93.4",
        "@esfx/canceltoken": "^1.0.0",
        "@eslint/js": "^10.0.1",
        "@octokit/rest": "^22.0.1",
        "@types/chai": "^4.3.20",
        "@types/minimist": "^1.2.5",
        "@types/mocha": "^10.0.10",
        "@types/ms": "^2.1.0",
        "@types/node": "latest",
        "@types/source-map-support": "^0.5.10",
        "@types/which": "^3.0.4",
        "@typescript-eslint/rule-tester": "^8.56.1",
        "@typescript-eslint/type-utils": "^8.56.1",
        "@typescript-eslint/utils": "^8.56.1",
        "azure-devops-node-api": "^15.1.3",
        "c8": "^10.1.3",
        "chai": "^4.5.0",
        "chokidar": "^4.0.3",
        "diff": "^8.0.3",
        "dprint": "^0.49.1",
        "esbuild": "^0.27.3",
        "eslint": "^10.0.2",
        "eslint-plugin-regexp": "^3.0.0",
        "fast-xml-parser": "^5.4.1",
        "glob": "^10.5.0",
        "globals": "^17.4.0",
        "hereby": "^1.12.0",
        "jsonc-parser": "^3.3.1",
        "knip": "^5.85.0",
        "minimist": "^1.2.8",
        "mocha": "^10.8.2",
        "mocha-fivemat-progress-reporter": "^0.1.0",
        "monocart-coverage-reports": "^2.12.9",
        "ms": "^2.1.3",
        "picocolors": "^1.1.1",
        "playwright": "^1.58.2",
        "source-map-support": "^0.5.21",
        "tslib": "^2.8.1",
        "typescript": "^5.9.3",
        "typescript-eslint": "^8.56.1",
        "which": "^3.0.1"
      },
      "engines": {
        "node": ">=14.17"
      }
    },
    "../../node_modules/.pnpm/vite@8.0.8_@types+node@25.6.0_esbuild@0.27.7_jiti@2.6.1_sass-embedded@1.99.0_sass@1.99.0_tsx@4.21.0/node_modules/vite": {
      "version": "8.0.8",
      "dev": true,
      "license": "MIT",
      "dependencies": {
        "lightningcss": "^1.32.0",
        "picomatch": "^4.0.4",
        "postcss": "^8.5.8",
        "rolldown": "1.0.0-rc.15",
        "tinyglobby": "^0.2.15"
      },
      "bin": {
        "vite": "bin/vite.js"
      },
      "devDependencies": {
        "@babel/parser": "^7.29.2",
        "@jridgewell/remapping": "^2.3.5",
        "@jridgewell/trace-mapping": "^0.3.31",
        "@polka/compression": "^1.0.0-next.25",
        "@rollup/plugin-alias": "^6.0.0",
        "@rollup/plugin-dynamic-import-vars": "2.1.4",
        "@rollup/pluginutils": "^5.3.0",
        "@types/escape-html": "^1.0.4",
        "@types/pnpapi": "^0.0.5",
        "@vercel/detect-agent": "^1.2.1",
        "@vitejs/devtools": "^0.1.13",
        "@vitest/utils": "4.1.2",
        "artichokie": "^0.4.3",
        "baseline-browser-mapping": "^2.10.15",
        "cac": "^7.0.0",
        "chokidar": "^3.6.0",
        "connect": "^3.7.0",
        "convert-source-map": "^2.0.0",
        "cors": "^2.8.6",
        "cross-spawn": "^7.0.6",
        "dotenv-expand": "^12.0.3",
        "es-module-lexer": "^1.7.0",
        "esbuild": "^0.28.0",
        "escape-html": "^1.0.3",
        "estree-walker": "^3.0.3",
        "etag": "^1.8.1",
        "host-validation-middleware": "^0.1.4",
        "http-proxy-3": "^1.23.2",
        "launch-editor-middleware": "^2.13.2",
        "magic-string": "^0.30.21",
        "mlly": "^1.8.2",
        "mrmime": "^2.0.1",
        "nanoid": "^5.1.7",
        "obug": "^1.0.2",
        "open": "^10.2.0",
        "parse5": "^8.0.0",
        "pathe": "^2.0.3",
        "periscopic": "^4.0.2",
        "picocolors": "^1.1.1",
        "postcss-import": "^16.1.1",
        "postcss-load-config": "^6.0.1",
        "postcss-modules": "^6.0.1",
        "premove": "^4.0.0",
        "resolve.exports": "^2.0.3",
        "rolldown-plugin-dts": "^0.23.2",
        "rollup": "^4.59.0",
        "rollup-plugin-license": "^3.7.0",
        "sass": "^1.99.0",
        "sass-embedded": "^1.99.0",
        "sirv": "^3.0.2",
        "strip-literal": "^3.1.0",
        "terser": "^5.46.1",
        "ufo": "^1.6.3",
        "ws": "^8.20.0"
      },
      "engines": {
        "node": "^20.19.0 || >=22.12.0"
      },
      "funding": {
        "url": "https://github.com/vitejs/vite?sponsor=1"
      },
      "optionalDependencies": {
        "fsevents": "~2.3.3"
      },
      "peerDependencies": {
        "@types/node": "^20.19.0 || >=22.12.0",
        "@vitejs/devtools": "^0.1.0",
        "esbuild": "^0.27.0 || ^0.28.0",
        "jiti": ">=1.21.0",
        "less": "^4.0.0",
        "sass": "^1.70.0",
        "sass-embedded": "^1.70.0",
        "stylus": ">=0.54.8",
        "sugarss": "^5.0.0",
        "terser": "^5.16.0",
        "tsx": "^4.8.1",
        "yaml": "^2.4.2"
      },
      "peerDependenciesMeta": {
        "@types/node": {
          "optional": true
        },
        "@vitejs/devtools": {
          "optional": true
        },
        "esbuild": {
          "optional": true
        },
        "jiti": {
          "optional": true
        },
        "less": {
          "optional": true
        },
        "sass": {
          "optional": true
        },
        "sass-embedded": {
          "optional": true
        },
        "stylus": {
          "optional": true
        },
        "sugarss": {
          "optional": true
        },
        "terser": {
          "optional": true
        },
        "tsx": {
          "optional": true
        },
        "yaml": {
          "optional": true
        }
      }
    },
    "node_modules/@babel/parser": {
      "resolved": "../../node_modules/.pnpm/@babel+parser@7.29.2/node_modules/@babel/parser",
      "link": true
    },
    "node_modules/@babel/types": {
      "resolved": "../../node_modules/.pnpm/@babel+types@7.29.0/node_modules/@babel/types",
      "link": true
    },
    "node_modules/@hono/node-server": {
      "version": "1.19.14",
      "resolved": "https://registry.npmjs.org/@hono/node-server/-/node-server-1.19.14.tgz",
      "integrity": "sha512-GwtvgtXxnWsucXvbQXkRgqksiH2Qed37H9xHZocE5sA3N8O8O8/8FA3uclQXxXVzc9XBZuEOMK7+r02FmSpHtw==",
      "license": "MIT",
      "engines": {
        "node": ">=18.14.1"
      },
      "peerDependencies": {
        "hono": "^4"
      }
    },
    "node_modules/@hono/vite-build": {
      "version": "1.11.1",
      "resolved": "https://registry.npmjs.org/@hono/vite-build/-/vite-build-1.11.1.tgz",
      "integrity": "sha512-EQJmFL7G+71MXZQ/mmywNl4qW6DSyjTdC30cq7mlDS451a1/jE86old0M2DCWzNGCO50sv7CzQDYkz4L5dq5VQ==",
      "license": "MIT",
      "peer": true,
      "engines": {
        "node": ">=18.14.1"
      },
      "peerDependencies": {
        "hono": "*"
      }
    },
    "node_modules/@hono/vite-dev-server": {
      "version": "0.25.1",
      "resolved": "https://registry.npmjs.org/@hono/vite-dev-server/-/vite-dev-server-0.25.1.tgz",
      "integrity": "sha512-H6EqoPtCV+uH1fu8nKyRy5Wh3LU012QxloEYMlUcyMjjEfVFiRXPjHx/0TQiiRi140Vu8San5A4XQWyElKFKaw==",
      "license": "MIT",
      "peer": true,
      "dependencies": {
        "@hono/node-server": "^1.19.11",
        "minimatch": "^9.0.3"
      },
      "engines": {
        "node": ">=18.14.1"
      },
      "peerDependencies": {
        "hono": "*",
        "miniflare": "*",
        "wrangler": "*"
      },
      "peerDependenciesMeta": {
        "hono": {
          "optional": false
        },
        "miniflare": {
          "optional": true
        },
        "wrangler": {
          "optional": true
        }
      }
    },
    "node_modules/balanced-match": {
      "version": "1.0.2",
      "resolved": "https://registry.npmjs.org/balanced-match/-/balanced-match-1.0.2.tgz",
      "integrity": "sha512-3oSeUO0TMV67hN1AmbXsK4yaqU7tjiHlbxRDZOpH0KW9+CeX4bRAaX0Anxt0tx2MrpRpWwQaPwIlISEJhYU5Pw==",
      "license": "MIT"
    },
    "node_modules/brace-expansion": {
      "version": "2.1.0",
      "resolved": "https://registry.npmjs.org/brace-expansion/-/brace-expansion-2.1.0.tgz",
      "integrity": "sha512-TN1kCZAgdgweJhWWpgKYrQaMNHcDULHkWwQIspdtjV4Y5aurRdZpjAqn6yX3FPqTA9ngHCc4hJxMAMgGfve85w==",
      "license": "MIT",
      "dependencies": {
        "balanced-match": "^1.0.0"
      }
    },
    "node_modules/hono": {
      "version": "4.12.14",
      "resolved": "https://registry.npmjs.org/hono/-/hono-4.12.14.tgz",
      "integrity": "sha512-am5zfg3yu6sqn5yjKBNqhnTX7Cv+m00ox+7jbaKkrLMRJ4rAdldd1xPd/JzbBWspqaQv6RSTrgFN95EsfhC+7w==",
      "license": "MIT",
      "peer": true,
      "engines": {
        "node": ">=16.9.0"
      }
    },
    "node_modules/magic-string": {
      "resolved": "../../node_modules/.pnpm/magic-string@0.30.21/node_modules/magic-string",
      "link": true
    },
    "node_modules/minimatch": {
      "version": "9.0.9",
      "resolved": "https://registry.npmjs.org/minimatch/-/minimatch-9.0.9.tgz",
      "integrity": "sha512-OBwBN9AL4dqmETlpS2zasx+vTeWclWzkblfZk7KTA5j3jeOONz/tRCnZomUyvNg83wL5Zv9Ss6HMJXAgL8R2Yg==",
      "license": "ISC",
      "dependencies": {
        "brace-expansion": "^2.0.2"
      },
      "engines": {
        "node": ">=16 || 14 >=14.17"
      },
      "funding": {
        "url": "https://github.com/sponsors/isaacs"
      }
    },
    "node_modules/typescript": {
      "resolved": "../../node_modules/.pnpm/typescript@6.0.3/node_modules/typescript",
      "link": true
    },
    "node_modules/vite": {
      "resolved": "../../node_modules/.pnpm/vite@8.0.8_@types+node@25.6.0_esbuild@0.27.7_jiti@2.6.1_sass-embedded@1.99.0_sass@1.99.0_tsx@4.21.0/node_modules/vite",
      "link": true
    }
  }
}
